
Microsoft Visual Studio Solution File, Format Version 12.00
# Visual Studio Version 17
VisualStudioVersion = 17.0.31903.59
MinimumVisualStudioVersion = 10.0.40219.1
Project("{2150E333-8FDC-42A3-9474-1A3956D46DE8}") = "src", "src", "{827E0CD3-B72D-47B6-A68D-7590B98EB39B}"
EndProject
Project("{FAE04EC0-301F-11D3-BF4B-00C04F79EFBC}") = "Blackbox.Domain", "src\Blackbox.Domain\Blackbox.Domain.csproj", "{78750CB8-35F5-499A-9A9D-D157CC083FAF}"
EndProject
Project("{FAE04EC0-301F-11D3-BF4B-00C04F79EFBC}") = "Blackbox.Infrastructure", "src\Blackbox.Infrastructure\Blackbox.Infrastructure.csproj", "{D6DABC8B-8209-4865-8FBD-3895584A8F75}"
EndProject
Project("{FAE04EC0-301F-11D3-BF4B-00C04F79EFBC}") = "Blackbox.Recording", "src\Blackbox.Recording\Blackbox.Recording.csproj", "{316DC922-DF31-4D7C-8C1D-1163CFFE7E62}"
EndProject
Project("{FAE04EC0-301F-11D3-BF4B-00C04F79EFBC}") = "Blackbox.Storage", "src\Blackbox.Storage\Blackbox.Storage.csproj", "{5EEC6472-8B23-47AA-A0E7-F20D7CB44944}"
EndProject
Project("{FAE04EC0-301F-11D3-BF4B-00C04F79EFBC}") = "Blackbox.Export", "src\Blackbox.Export\Blackbox.Export.csproj", "{62D0B4E9-E461-4859-8AD4-50AECA43BDB0}"
EndProject
Project("{FAE04EC0-301F-11D3-BF4B-00C04F79EFBC}") = "Blackbox.App", "src\Blackbox.App\Blackbox.App.csproj", "{1A0B087E-691E-4FC1-AA34-362B8DCD71D7}"
EndProject
Project("{FAE04EC0-301F-11D3-BF4B-00C04F79EFBC}") = "Blackbox.Tests", "tests\Blackbox.Tests\Blackbox.Tests.csproj", "{7DAF3CB9-F76A-49DA-8FD4-30A1D652176E}"
EndProject
Global
	GlobalSection(SolutionConfigurationPlatforms) = preSolution
		Debug|Any CPU = Debug|Any CPU
		Debug|x64 = Debug|x64
		Debug|x86 = Debug|x86
		Release|Any CPU = Release|Any CPU
		Release|x64 = Release|x64
		Release|x86 = Release|x86
	EndGlobalSection
	GlobalSection(ProjectConfigurationPlatforms) = postSolution
		{78750CB8-35F5-499A-9A9D-D157CC083FAF}.Debug|Any CPU.ActiveCfg = Debug|Any CPU
		{78750CB8-35F5-499A-9A9D-D157CC083FAF}.Debug|Any CPU.Build.0 = Debug|Any CPU
		{78750CB8-35F5-499A-9A9D-D157CC083FAF}.Debug|x64.ActiveCfg = Debug|Any CPU
		{78750CB8-35F5-499A-9A9D-D157CC083FAF}.Debug|x64.Build.0 = Debug|Any CPU
		{78750CB8-35F5-499A-9A9D-D157CC083FAF}.Debug|x86.ActiveCfg = Debug|Any CPU
		{78750CB8-35F5-499A-9A9D-D157CC083FAF}.Debug|x86.Build.0 = Debug|Any CPU
		{78750CB8-35F5-499A-9A9D-D157CC083FAF}.Release|Any CPU.ActiveCfg = Release|Any CPU
		{78750CB8-35F5-499A-9A9D-D157CC083FAF}.Release|Any CPU.Build.0 = Release|Any CPU
		{78750CB8-35F5-499A-9A9D-D157CC083FAF}.Release|x64.ActiveCfg = Release|Any CPU
		{78750CB8-35F5-499A-9A9D-D157CC083FAF}.Release|x64.Build.0 = Release|Any CPU
		{78750CB8-35F5-499A-9A9D-D157CC083FAF}.Release|x86.ActiveCfg = Release|Any CPU
		{78750CB8-35F5-499A-9A9D-D157CC083FAF}.Release|x86.Build.0 = Release|Any CPU
		{D6DABC8B-8209-4865-8FBD-3895584A8F75}.Debug|Any CPU.ActiveCfg = Debug|Any CPU
		{D6DABC8B-8209-4865-8FBD-3895584A8F75}.Debug|Any CPU.Build.0 = Debug|Any CPU
		{D6DABC8B-8209-4865-8FBD-3895584A8F75}.Debug|x64.ActiveCfg = Debug|Any CPU
		{D6DABC8B-8209-4865-8FBD-3895584A8F75}.Debug|x64.Build.0 = Debug|Any CPU
		{D6DABC8B-8209-4865-8FBD-3895584A8F75}.Debug|x86.ActiveCfg = Debug|Any CPU
		{D6DABC8B-8209-4865-8FBD-3895584A8F75}.Debug|x86.Build.0 = Debug|Any CPU
		{D6DABC8B-8209-4865-8FBD-3895584A8F75}.Release|Any CPU.ActiveCfg = Release|Any CPU
		{D6DABC8B-8209-4865-8FBD-3895584A8F75}.Release|Any CPU.Build.0 = Release|Any CPU
		{D6DABC8B-8209-4865-8FBD-3895584A8F75}.Release|x64.ActiveCfg = Release|Any CPU
		{D6DABC8B-8209-4865-8FBD-3895584A8F75}.Release|x64.Build.0 = Release|Any CPU
		{D6DABC8B-8209-4865-8FBD-3895584A8F75}.Release|x86.ActiveCfg = Release|Any CPU
		{D6DABC8B-8209-4865-8FBD-3895584A8F75}.Release|x86.Build.0 = Release|Any CPU
		{316DC922-DF31-4D7C-8C1D-1163CFFE7E62}.Debug|Any CPU.ActiveCfg = Debug|Any CPU
		{316DC922-DF31-4D7C-8C1D-1163CFFE7E62}.Debug|Any CPU.Build.0 = Debug|Any CPU
		{316DC922-DF31-4D7C-8C1D-1163CFFE7E62}.Debug|x64.ActiveCfg = Debug|Any CPU
		{316DC922-DF31-4D7C-8C1D-1163CFFE7E62}.Debug|x64.Build.0 = Debug|Any CPU
		{316DC922-DF31-4D7C-8C1D-1163CFFE7E62}.Debug|x86.ActiveCfg = Debug|Any CPU
		{316DC922-DF31-4D7C-8C1D-1163CFFE7E62}.Debug|x86.Build.0 = Debug|Any CPU
		{316DC922-DF31-4D7C-8C1D-1163CFFE7E62}.Release|Any CPU.ActiveCfg = Release|Any CPU
		{316DC922-DF31-4D7C-8C1D-1163CFFE7E62}.Release|Any CPU.Build.0 = Release|Any CPU
		{316DC922-DF31-4D7C-8C1D-1163CFFE7E62}.Release|x64.ActiveCfg = Release|Any CPU
		{316DC922-DF31-4D7C-8C1D-1163CFFE7E62}.Release|x64.Build.0 = Release|Any CPU
		{316DC922-DF31-4D7C-8C1D-1163CFFE7E62}.Release|x86.ActiveCfg = Release|Any CPU
		{316DC922-DF31-4D7C-8C1D-1163CFFE7E62}.Release|x86.Build.0 = Release|Any CPU
		{5EEC6472-8B23-47AA-A0E7-F20D7CB44944}.Debug|Any CPU.ActiveCfg = Debug|Any CPU
		{5EEC6472-8B23-47AA-A0E7-F20D7CB44944}.Debug|Any CPU.Build.0 = Debug|Any CPU
		{5EEC6472-8B23-47AA-A0E7-F20D7CB44944}.Debug|x64.ActiveCfg = Debug|Any CPU
		{5EEC6472-8B23-47AA-A0E7-F20D7CB44944}.Debug|x64.Build.0 = Debug|Any CPU
		{5EEC6472-8B23-47AA-A0E7-F20D7CB44944}.Debug|x86.ActiveCfg = Debug|Any CPU
		{5EEC6472-8B23-47AA-A0E7-F20D7CB44944}.Debug|x86.Build.0 = Debug|Any CPU
		{5EEC6472-8B23-47AA-A0E7-F20D7CB44944}.Release|Any CPU.ActiveCfg = Release|Any CPU
		{5EEC6472-8B23-47AA-A0E7-F20D7CB44944}.Release|Any CPU.Build.0 = Release|Any CPU
		{5EEC6472-8B23-47AA-A0E7-F20D7CB44944}.Release|x64.ActiveCfg = Release|Any CPU
		{5EEC6472-8B23-47AA-A0E7-F20D7CB44944}.Release|x64.Build.0 = Release|Any CPU
		{5EEC6472-8B23-47AA-A0E7-F20D7CB44944}.Release|x86.ActiveCfg = Release|Any CPU
		{5EEC6472-8B23-47AA-A0E7-F20D7CB44944}.Release|x86.Build.0 = Release|Any CPU
		{62D0B4E9-E461-4859-8AD4-50AECA43BDB0}.Debug|Any CPU.ActiveCfg = Debug|Any CPU
		{62D0B4E9-E461-4859-8AD4-50AECA43BDB0}.Debug|Any CPU.Build.0 = Debug|Any CPU
		{62D0B4E9-E461-4859-8AD4-50AECA43BDB0}.Debug|x64.ActiveCfg = Debug|Any CPU
		{62D0B4E9-E461-4859-8AD4-50AECA43BDB0}.Debug|x64.Build.0 = Debug|Any CPU
		{62D0B4E9-E461-4859-8AD4-50AECA43BDB0}.Debug|x86.ActiveCfg = Debug|Any CPU
		{62D0B4E9-E461-4859-8AD4-50AECA43BDB0}.Debug|x86.Build.0 = Debug|Any CPU
		{62D0B4E9-E461-4859-8AD4-50AECA43BDB0}.Release|Any CPU.ActiveCfg = Release|Any CPU
		{62D0B4E9-E461-4859-8AD4-50AECA43BDB0}.Release|Any CPU.Build.0 = Release|Any CPU
		{62D0B4E9-E461-4859-8AD4-50AECA43BDB0}.Release|x64.ActiveCfg = Release|Any CPU
		{62D0B4E9-E461-4859-8AD4-50AECA43BDB0}.Release|x64.Build.0 = Release|Any CPU
		{62D0B4E9-E461-4859-8AD4-50AECA43BDB0}.Release|x86.ActiveCfg = Release|Any CPU
		{62D0B4E9-E461-4859-8AD4-50AECA43BDB0}.Release|x86.Build.0 = Release|Any CPU
		{1A0B087E-691E-4FC1-AA34-362B8DCD71D7}.Debug|Any CPU.ActiveCfg = Debug|Any CPU
		{1A0B087E-691E-4FC1-AA34-362B8DCD71D7}.Debug|Any CPU.Build.0 = Debug|Any CPU
		{1A0B087E-691E-4FC1-AA34-362B8DCD71D7}.Debug|x64.ActiveCfg = Debug|Any CPU
		{1A0B087E-691E-4FC1-AA34-362B8DCD71D7}.Debug|x64.Build.0 = Debug|Any CPU
		{1A0B087E-691E-4FC1-AA34-362B8DCD71D7}.Debug|x86.ActiveCfg = Debug|Any CPU
		{1A0B087E-691E-4FC1-AA34-362B8DCD71D7}.Debug|x86.Build.0 = Debug|Any CPU
		{1A0B087E-691E-4FC1-AA34-362B8DCD71D7}.Release|Any CPU.ActiveCfg = Release|Any CPU
		{1A0B087E-691E-4FC1-AA34-362B8DCD71D7}.Release|Any CPU.Build.0 = Release|Any CPU
		{1A0B087E-691E-4FC1-AA34-362B8DCD71D7}.Release|x64.ActiveCfg = Release|Any CPU
		{1A0B087E-691E-4FC1-AA34-362B8DCD71D7}.Release|x64.Build.0 = Release|Any CPU
		{1A0B087E-691E-4FC1-AA34-362B8DCD71D7}.Release|x86.ActiveCfg = Release|Any CPU
		{1A0B087E-691E-4FC1-AA34-362B8DCD71D7}.Release|x86.Build.0 = Release|Any CPU
		{7DAF3CB9-F76A-49DA-8FD4-30A1D652176E}.Debug|Any CPU.ActiveCfg = Debug|Any CPU
		{7DAF3CB9-F76A-49DA-8FD4-30A1D652176E}.Debug|Any CPU.Build.0 = Debug|Any CPU
		{7DAF3CB9-F76A-49DA-8FD4-30A1D652176E}.Debug|x64.ActiveCfg = Debug|Any CPU
		{7DAF3CB9-F76A-49DA-8FD4-30A1D652176E}.Debug|x64.Build.0 = Debug|Any CPU
		{7DAF3CB9-F76A-49DA-8FD4-30A1D652176E}.Debug|x86.ActiveCfg = Debug|Any CPU
		{7DAF3CB9-F76A-49DA-8FD4-30A1D652176E}.Debug|x86.Build.0 = Debug|Any CPU
		{7DAF3CB9-F76A-49DA-8FD4-30A1D652176E}.Release|Any CPU.ActiveCfg = Release|Any CPU
		{7DAF3CB9-F76A-49DA-8FD4-30A1D652176E}.Release|Any CPU.Build.0 = Release|Any CPU
		{7DAF3CB9-F76A-49DA-8FD4-30A1D652176E}.Release|x64.ActiveCfg = Release|Any CPU
		{7DAF3CB9-F76A-49DA-8FD4-30A1D652176E}.Release|x64.Build.0 = Release|Any CPU
		{7DAF3CB9-F76A-49DA-8FD4-30A1D652176E}.Release|x86.ActiveCfg = Release|Any CPU
		{7DAF3CB9-F76A-49DA-8FD4-30A1D652176E}.Release|x86.Build.0 = Release|Any CPU
	EndGlobalSection
	GlobalSection(SolutionProperties) = preSolution
		HideSolutionNode = FALSE
	EndGlobalSection
	GlobalSection(NestedProjects) = preSolution
		{78750CB8-35F5-499A-9A9D-D157CC083FAF} = {827E0CD3-B72D-47B6-A68D-7590B98EB39B}
		{D6DABC8B-8209-4865-8FBD-3895584A8F75} = {827E0CD3-B72D-47B6-A68D-7590B98EB39B}
		{316DC922-DF31-4D7C-8C1D-1163CFFE7E62} = {827E0CD3-B72D-47B6-A68D-7590B98EB39B}
		{5EEC6472-8B23-47AA-A0E7-F20D7CB44944} = {827E0CD3-B72D-47B6-A68D-7590B98EB39B}
		{62D0B4E9-E461-4859-8AD4-50AECA43BDB0} = {827E0CD3-B72D-47B6-A68D-7590B98EB39B}
		{1A0B087E-691E-4FC1-AA34-362B8DCD71D7} = {827E0CD3-B72D-47B6-A68D-7590B98EB39B}
		{7DAF3CB9-F76A-49DA-8FD4-30A1D652176E} = {827E0CD3-B72D-47B6-A68D-7590B98EB39B}
	EndGlobalSection
EndGlobal
